
Microsoft Visual Studio Solution File, Format Version 12.00
# Visual Studio Version 17
VisualStudioVersion = 17.9.34622.214
MinimumVisualStudioVersion = 10.0.40219.1
Project("{FAE04EC0-301F-11D3-BF4B-00C04F79EFBC}") = "ClothingStore", "ClothingStore\ClothingStore.csproj", "{AB58909E-5D75-4597-9878-C58222DBD03A}"
EndProject
Global
	GlobalSection(SolutionConfigurationPlatforms) = preSolution
		Debug|Any CPU = Debug|Any CPU
		Release|Any CPU = Release|Any CPU
	EndGlobalSection
	GlobalSection(ProjectConfigurationPlatforms) = postSolution
		{AB58909E-5D75-4597-9878-C58222DBD03A}.Debug|Any CPU.ActiveCfg = Debug|Any CPU
		{AB58909E-5D75-4597-9878-C58222DBD03A}.Debug|Any CPU.Build.0 = Debug|Any CPU
		{AB58909E-5D75-4597-9878-C58222DBD03A}.Release|Any CPU.ActiveCfg = Release|Any CPU
		{AB58909E-5D75-4597-9878-C58222DBD03A}.Release|Any CPU.Build.0 = Release|Any CPU
	EndGlobalSection
	GlobalSection(SolutionProperties) = preSolution
		HideSolutionNode = FALSE
	EndGlobalSection
	GlobalSection(ExtensibilityGlobals) = postSolution
		SolutionGuid = {5EC95713-9117-4465-940D-4849040ADD59}
	EndGlobalSection
EndGlobal
